
Microsoft Visual Studio Solution File, Format Version 12.00
# Visual Studio Version 17
VisualStudioVersion = 17.0.31903.59
MinimumVisualStudioVersion = 10.0.40219.1
Project("{FAE04EC0-301F-11D3-BF4B-00C04F79EFBC}") = "local_game_tracker", "local_game_tracker.csproj", "{368F614D-3AB7-4151-85C8-6015AF45D566}"
EndProject
Global
	GlobalSection(SolutionConfigurationPlatforms) = preSolution
		Debug|Any CPU = Debug|Any CPU
		Release|Any CPU = Release|Any CPU
	EndGlobalSection
	GlobalSection(SolutionProperties) = preSolution
		HideSolutionNode = FALSE
	EndGlobalSection
	GlobalSection(ProjectConfigurationPlatforms) = postSolution
		{368F614D-3AB7-4151-85C8-6015AF45D566}.Debug|Any CPU.ActiveCfg = Debug|Any CPU
		{368F614D-3AB7-4151-85C8-6015AF45D566}.Debug|Any CPU.Build.0 = Debug|Any CPU
		{368F614D-3AB7-4151-85C8-6015AF45D566}.Release|Any CPU.ActiveCfg = Release|Any CPU
		{368F614D-3AB7-4151-85C8-6015AF45D566}.Release|Any CPU.Build.0 = Release|Any CPU
	EndGlobalSection
EndGlobal
